
Microsoft Visual Studio Solution File, Format Version 12.00
# Visual Studio Version 16
VisualStudioVersion = 16.0.31112.23
MinimumVisualStudioVersion = 10.0.40219.1
Project("{FAE04EC0-301F-11D3-BF4B-00C04F79EFBC}") = "ConsoleApp1", "ConsoleApp1\ConsoleApp1.csproj", "{7FFF2D18-C6BD-4971-80F2-BA273AE37A3B}"
EndProject
Global
	GlobalSection(SolutionConfigurationPlatforms) = preSolution
		Debug|Any CPU = Debug|Any CPU
		Release|Any CPU = Release|Any CPU
	EndGlobalSection
	GlobalSection(ProjectConfigurationPlatforms) = postSolution
		{7FFF2D18-C6BD-4971-80F2-BA273AE37A3B}.Debug|Any CPU.ActiveCfg = Debug|Any CPU
		{7FFF2D18-C6BD-4971-80F2-BA273AE37A3B}.Debug|Any CPU.Build.0 = Debug|Any CPU
		{7FFF2D18-C6BD-4971-80F2-BA273AE37A3B}.Release|Any CPU.ActiveCfg = Release|Any CPU
		{7FFF2D18-C6BD-4971-80F2-BA273AE37A3B}.Release|Any CPU.Build.0 = Release|Any CPU
	EndGlobalSection
	GlobalSection(SolutionProperties) = preSolution
		HideSolutionNode = FALSE
	EndGlobalSection
	GlobalSection(ExtensibilityGlobals) = postSolution
		SolutionGuid = {BEE5C96A-D218-4C62-BDB9-FD838805AF8E}
	EndGlobalSection
EndGlobal
