
Microsoft Visual Studio Solution File, Format Version 12.00
# Visual Studio Version 16
VisualStudioVersion = 16.0.31112.23
MinimumVisualStudioVersion = 10.0.40219.1
Project("{FAE04EC0-301F-11D3-BF4B-00C04F79EFBC}") = "VehicleLibrary", "VehicleLibrary\VehicleLibrary.csproj", "{4998200D-97A2-4426-B3F5-2E06575973B8}"
EndProject
Project("{FAE04EC0-301F-11D3-BF4B-00C04F79EFBC}") = "Vehicles", "Vehicles\Vehicles.csproj", "{0489579C-D577-47E2-92B0-0B5EEDB0FE4B}"
EndProject
Global
	GlobalSection(SolutionConfigurationPlatforms) = preSolution
		Debug|Any CPU = Debug|Any CPU
		Release|Any CPU = Release|Any CPU
	EndGlobalSection
	GlobalSection(ProjectConfigurationPlatforms) = postSolution
		{4998200D-97A2-4426-B3F5-2E06575973B8}.Debug|Any CPU.ActiveCfg = Debug|Any CPU
		{4998200D-97A2-4426-B3F5-2E06575973B8}.Debug|Any CPU.Build.0 = Debug|Any CPU
		{4998200D-97A2-4426-B3F5-2E06575973B8}.Release|Any CPU.ActiveCfg = Release|Any CPU
		{4998200D-97A2-4426-B3F5-2E06575973B8}.Release|Any CPU.Build.0 = Release|Any CPU
		{0489579C-D577-47E2-92B0-0B5EEDB0FE4B}.Debug|Any CPU.ActiveCfg = Debug|Any CPU
		{0489579C-D577-47E2-92B0-0B5EEDB0FE4B}.Debug|Any CPU.Build.0 = Debug|Any CPU
		{0489579C-D577-47E2-92B0-0B5EEDB0FE4B}.Release|Any CPU.ActiveCfg = Release|Any CPU
		{0489579C-D577-47E2-92B0-0B5EEDB0FE4B}.Release|Any CPU.Build.0 = Release|Any CPU
	EndGlobalSection
	GlobalSection(SolutionProperties) = preSolution
		HideSolutionNode = FALSE
	EndGlobalSection
	GlobalSection(ExtensibilityGlobals) = postSolution
		SolutionGuid = {2E780DE2-741D-47B8-82EA-C321679D1AA1}
	EndGlobalSection
EndGlobal
