
Microsoft Visual Studio Solution File, Format Version 12.00
# Visual Studio Version 16
VisualStudioVersion = 16.0.31112.23
MinimumVisualStudioVersion = 10.0.40219.1
Project("{9A19103F-16F7-4668-BE54-9A1E7A4F7556}") = "AcademyLibrary", "AcademyLibrary\AcademyLibrary.csproj", "{19DE443F-6110-4395-9B01-E285ED5574FF}"
EndProject
Project("{9A19103F-16F7-4668-BE54-9A1E7A4F7556}") = "AppAcademy", "AppAcademy\AppAcademy.csproj", "{B55F4EB5-A5DA-4324-A8B5-1C11FA40DA6B}"
EndProject
Project("{FAE04EC0-301F-11D3-BF4B-00C04F79EFBC}") = "AcademyServices", "AcademyServices\AcademyServices.csproj", "{6DB54838-CC9F-4DA0-92B8-610E80A8CD1D}"
EndProject
Global
	GlobalSection(SolutionConfigurationPlatforms) = preSolution
		Debug|Any CPU = Debug|Any CPU
		Release|Any CPU = Release|Any CPU
	EndGlobalSection
	GlobalSection(ProjectConfigurationPlatforms) = postSolution
		{19DE443F-6110-4395-9B01-E285ED5574FF}.Debug|Any CPU.ActiveCfg = Debug|Any CPU
		{19DE443F-6110-4395-9B01-E285ED5574FF}.Debug|Any CPU.Build.0 = Debug|Any CPU
		{19DE443F-6110-4395-9B01-E285ED5574FF}.Release|Any CPU.ActiveCfg = Release|Any CPU
		{19DE443F-6110-4395-9B01-E285ED5574FF}.Release|Any CPU.Build.0 = Release|Any CPU
		{B55F4EB5-A5DA-4324-A8B5-1C11FA40DA6B}.Debug|Any CPU.ActiveCfg = Debug|Any CPU
		{B55F4EB5-A5DA-4324-A8B5-1C11FA40DA6B}.Debug|Any CPU.Build.0 = Debug|Any CPU
		{B55F4EB5-A5DA-4324-A8B5-1C11FA40DA6B}.Release|Any CPU.ActiveCfg = Release|Any CPU
		{B55F4EB5-A5DA-4324-A8B5-1C11FA40DA6B}.Release|Any CPU.Build.0 = Release|Any CPU
		{6DB54838-CC9F-4DA0-92B8-610E80A8CD1D}.Debug|Any CPU.ActiveCfg = Debug|Any CPU
		{6DB54838-CC9F-4DA0-92B8-610E80A8CD1D}.Debug|Any CPU.Build.0 = Debug|Any CPU
		{6DB54838-CC9F-4DA0-92B8-610E80A8CD1D}.Release|Any CPU.ActiveCfg = Release|Any CPU
		{6DB54838-CC9F-4DA0-92B8-610E80A8CD1D}.Release|Any CPU.Build.0 = Release|Any CPU
	EndGlobalSection
	GlobalSection(SolutionProperties) = preSolution
		HideSolutionNode = FALSE
	EndGlobalSection
	GlobalSection(ExtensibilityGlobals) = postSolution
		SolutionGuid = {16BB5D7A-1518-4585-AA76-0FF29C12582A}
	EndGlobalSection
EndGlobal
